{
  "name": "nodehuggingface",
  "version": "1.0.0",
  "lockfileVersion": 2,
  "requires": true,
  "packages": {
    "": {
      "name": "nodehuggingface",
      "version": "1.0.0",
      "license": "ISC",
      "dependencies": {
        "@huggingface/inference": "^2.8.0",
        "dotenv": "^16.4.5"
      }
    },
    "node_modules/@huggingface/inference": {
      "version": "2.8.0",
      "resolved": "https://registry.npmjs.org/@huggingface/inference/-/inference-2.8.0.tgz",
      "integrity": "sha512-Ti681P1qckcCAqgzmL53jBnluPuZGelmMIuXNjgAwC5+RIjF4S0SDQu6oy44ZTwekwNp2ETaZ2sXsOk+45aC4w==",
      "dependencies": {
        "@huggingface/tasks": "^0.11.2"
      },
      "engines": {
        "node": ">=18"
      }
    },
    "node_modules/@huggingface/tasks": {
      "version": "0.11.11",
      "resolved": "https://registry.npmjs.org/@huggingface/tasks/-/tasks-0.11.11.tgz",
      "integrity": "sha512-YRleUv67oSqDOkcYm4pFdBeaw8I8Dh6/DYlXo02fxXj5iC/WiDi8PE1wBhAhTdASwkl/n1V4xbL69uKXwDNDGw=="
    },
    "node_modules/dotenv": {
      "version": "16.4.5",
      "resolved": "https://registry.npmjs.org/dotenv/-/dotenv-16.4.5.tgz",
      "integrity": "sha512-ZmdL2rui+eB2YwhsWzjInR8LldtZHGDoQ1ugH85ppHKwpUHL7j7rN0Ti9NCnGiQbhaZ11FpR+7ao1dNsmduNUg==",
      "engines": {
        "node": ">=12"
      },
      "funding": {
        "url": "https://dotenvx.com"
      }
    }
  },
  "dependencies": {
    "@huggingface/inference": {
      "version": "2.8.0",
      "resolved": "https://registry.npmjs.org/@huggingface/inference/-/inference-2.8.0.tgz",
      "integrity": "sha512-Ti681P1qckcCAqgzmL53jBnluPuZGelmMIuXNjgAwC5+RIjF4S0SDQu6oy44ZTwekwNp2ETaZ2sXsOk+45aC4w==",
      "requires": {
        "@huggingface/tasks": "^0.11.2"
      }
    },
    "@huggingface/tasks": {
      "version": "0.11.11",
      "resolved": "https://registry.npmjs.org/@huggingface/tasks/-/tasks-0.11.11.tgz",
      "integrity": "sha512-YRleUv67oSqDOkcYm4pFdBeaw8I8Dh6/DYlXo02fxXj5iC/WiDi8PE1wBhAhTdASwkl/n1V4xbL69uKXwDNDGw=="
    },
    "dotenv": {
      "version": "16.4.5",
      "resolved": "https://registry.npmjs.org/dotenv/-/dotenv-16.4.5.tgz",
      "integrity": "sha512-ZmdL2rui+eB2YwhsWzjInR8LldtZHGDoQ1ugH85ppHKwpUHL7j7rN0Ti9NCnGiQbhaZ11FpR+7ao1dNsmduNUg=="
    }
  }
}
